
Microsoft Visual Studio Solution File, Format Version 12.00
# Visual Studio 15
VisualStudioVersion = 15.0.27130.2036
MinimumVisualStudioVersion = 10.0.40219.1
Project("{9A19103F-16F7-4668-BE54-9A1E7A4F7556}") = "Sendo.Seller.Client.V5.Api", "src\Sendo.Seller.Client.V5.Api\Sendo.Seller.Client.V5.Api.csproj", "{7C6EDDDA-F42C-415E-8477-E8B980909CDF}"
EndProject
Project("{2150E333-8FDC-42A3-9474-1A3956D46DE8}") = "SharedKernel", "SharedKernel", "{AD5123F5-3342-4645-A3EA-E55392507166}"
EndProject
Global
	GlobalSection(SolutionConfigurationPlatforms) = preSolution
		Debug|Any CPU = Debug|Any CPU
		Release|Any CPU = Release|Any CPU
	EndGlobalSection
	GlobalSection(ProjectConfigurationPlatforms) = postSolution
		{7C6EDDDA-F42C-415E-8477-E8B980909CDF}.Debug|Any CPU.ActiveCfg = Debug|Any CPU
		{7C6EDDDA-F42C-415E-8477-E8B980909CDF}.Debug|Any CPU.Build.0 = Debug|Any CPU
		{7C6EDDDA-F42C-415E-8477-E8B980909CDF}.Release|Any CPU.ActiveCfg = Release|Any CPU
		{7C6EDDDA-F42C-415E-8477-E8B980909CDF}.Release|Any CPU.Build.0 = Release|Any CPU
	EndGlobalSection
	GlobalSection(SolutionProperties) = preSolution
		HideSolutionNode = FALSE
	EndGlobalSection
	GlobalSection(ExtensibilityGlobals) = postSolution
		SolutionGuid = {8EEC3288-59F0-4D28-9FC2-9E2993CB4068}
	EndGlobalSection
EndGlobal
